// !$*UTF8*$!
{
	archiveVersion = 1;
	classes = {
	};
	objectVersion = 46;
	objects = {

/* Begin PBXBuildFile section */
		0597284F6681322B5662FE72 /* Pods_Charts_Playground.framework in Frameworks */ = {isa = PBXBuildFile; fileRef = 600A4BD0A94A6B642162CC52 /* Pods_Charts_Playground.framework */; };
		F490A0AF1D5B30D70060D00F /* Dog.swift in Sources */ = {isa = PBXBuildFile; fileRef = F490A0AE1D5B30D70060D00F /* Dog.swift */; };
		F490A0B11D5B37690060D00F /* ChartHelpers.swift in Sources */ = {isa = PBXBuildFile; fileRef = F490A0B01D5B37690060D00F /* ChartHelpers.swift */; };
		F490A0B31D5B3CD20060D00F /* NumericExtensions.swift in Sources */ = {isa = PBXBuildFile; fileRef = F490A0B21D5B3CD20060D00F /* NumericExtensions.swift */; };
		F490A0B61D5B45AB0060D00F /* MultipleLinesController.swift in Sources */ = {isa = PBXBuildFile; fileRef = F490A0B51D5B45AB0060D00F /* MultipleLinesController.swift */; };
		F4A65EFB1D5B29EB003660AA /* AppDelegate.swift in Sources */ = {isa = PBXBuildFile; fileRef = F4A65EFA1D5B29EB003660AA /* AppDelegate.swift */; };
		F4A65EFD1D5B29EB003660AA /* SingleLineController.swift in Sources */ = {isa = PBXBuildFile; fileRef = F4A65EFC1D5B29EB003660AA /* SingleLineController.swift */; };
		F4A65F001D5B29EB003660AA /* Main.storyboard in Resources */ = {isa = PBXBuildFile; fileRef = F4A65EFE1D5B29EB003660AA /* Main.storyboard */; };
		F4A65F021D5B29EB003660AA /* Assets.xcassets in Resources */ = {isa = PBXBuildFile; fileRef = F4A65F011D5B29EB003660AA /* Assets.xcassets */; };
		F4A65F051D5B29EB003660AA /* LaunchScreen.storyboard in Resources */ = {isa = PBXBuildFile; fileRef = F4A65F031D5B29EB003660AA /* LaunchScreen.storyboard */; };
/* End PBXBuildFile section */

/* Begin PBXCopyFilesBuildPhase section */
		F4A602711D5B2FF100B05B0C /* Embed Frameworks */ = {
			isa = PBXCopyFilesBuildPhase;
			buildActionMask = 2147483647;
			dstPath = "";
			dstSubfolderSpec = 10;
			files = (
			);
			name = "Embed Frameworks";
			runOnlyForDeploymentPostprocessing = 0;
		};
/* End PBXCopyFilesBuildPhase section */

/* Begin PBXFileReference section */
		600A4BD0A94A6B642162CC52 /* Pods_Charts_Playground.framework */ = {isa = PBXFileReference; explicitFileType = wrapper.framework; includeInIndex = 0; path = Pods_Charts_Playground.framework; sourceTree = BUILT_PRODUCTS_DIR; };
		995AD9D8A8A43775A0200FA4 /* Pods-Charts-Playground.release.xcconfig */ = {isa = PBXFileReference; includeInIndex = 1; lastKnownFileType = text.xcconfig; name = "Pods-Charts-Playground.release.xcconfig"; path = "Pods/Target Support Files/Pods-Charts-Playground/Pods-Charts-Playground.release.xcconfig"; sourceTree = "<group>"; };
		CCCD50DFE1C6011301FBFEB7 /* Pods-Charts-Playground.debug.xcconfig */ = {isa = PBXFileReference; includeInIndex = 1; lastKnownFileType = text.xcconfig; name = "Pods-Charts-Playground.debug.xcconfig"; path = "Pods/Target Support Files/Pods-Charts-Playground/Pods-Charts-Playground.debug.xcconfig"; sourceTree = "<group>"; };
		F490A0AE1D5B30D70060D00F /* Dog.swift */ = {isa = PBXFileReference; fileEncoding = 4; lastKnownFileType = sourcecode.swift; name = Dog.swift; path = ../Dog.swift; sourceTree = "<group>"; };
		F490A0B01D5B37690060D00F /* ChartHelpers.swift */ = {isa = PBXFileReference; fileEncoding = 4; lastKnownFileType = sourcecode.swift; path = ChartHelpers.swift; sourceTree = "<group>"; };
		F490A0B21D5B3CD20060D00F /* NumericExtensions.swift */ = {isa = PBXFileReference; fileEncoding = 4; lastKnownFileType = sourcecode.swift; path = NumericExtensions.swift; sourceTree = "<group>"; };
		F490A0B51D5B45AB0060D00F /* MultipleLinesController.swift */ = {isa = PBXFileReference; fileEncoding = 4; lastKnownFileType = sourcecode.swift; path = MultipleLinesController.swift; sourceTree = "<group>"; };
		F4A65EF71D5B29EB003660AA /* Charts-Playground.app */ = {isa = PBXFileReference; explicitFileType = wrapper.application; includeInIndex = 0; path = "Charts-Playground.app"; sourceTree = BUILT_PRODUCTS_DIR; };
		F4A65EFA1D5B29EB003660AA /* AppDelegate.swift */ = {isa = PBXFileReference; lastKnownFileType = sourcecode.swift; path = AppDelegate.swift; sourceTree = "<group>"; };
		F4A65EFC1D5B29EB003660AA /* SingleLineController.swift */ = {isa = PBXFileReference; lastKnownFileType = sourcecode.swift; name = SingleLineController.swift; path = "Charts-Playground/SingleLineController.swift"; sourceTree = "<group>"; };
		F4A65EFF1D5B29EB003660AA /* Base */ = {isa = PBXFileReference; lastKnownFileType = file.storyboard; name = Base; path = Base.lproj/Main.storyboard; sourceTree = "<group>"; };
		F4A65F011D5B29EB003660AA /* Assets.xcassets */ = {isa = PBXFileReference; lastKnownFileType = folder.assetcatalog; path = Assets.xcassets; sourceTree = "<group>"; };
		F4A65F041D5B29EB003660AA /* Base */ = {isa = PBXFileReference; lastKnownFileType = file.storyboard; name = Base; path = Base.lproj/LaunchScreen.storyboard; sourceTree = "<group>"; };
		F4A65F061D5B29EB003660AA /* Info.plist */ = {isa = PBXFileReference; lastKnownFileType = text.plist.xml; path = Info.plist; sourceTree = "<group>"; };
/* End PBXFileReference section */

/* Begin PBXFrameworksBuildPhase section */
		F4A65EF41D5B29EB003660AA /* Frameworks */ = {
			isa = PBXFrameworksBuildPhase;
			buildActionMask = 2147483647;
			files = (
				0597284F6681322B5662FE72 /* Pods_Charts_Playground.framework in Frameworks */,
			);
			runOnlyForDeploymentPostprocessing = 0;
		};
/* End PBXFrameworksBuildPhase section */

/* Begin PBXGroup section */
		716F9B6666BF4CD4C684EDA7 /* Frameworks */ = {
			isa = PBXGroup;
			children = (
				600A4BD0A94A6B642162CC52 /* Pods_Charts_Playground.framework */,
			);
			name = Frameworks;
			sourceTree = "<group>";
		};
		EA33FB7DC7DAC87DD8842476 /* Pods */ = {
			isa = PBXGroup;
			children = (
				CCCD50DFE1C6011301FBFEB7 /* Pods-Charts-Playground.debug.xcconfig */,
				995AD9D8A8A43775A0200FA4 /* Pods-Charts-Playground.release.xcconfig */,
			);
			name = Pods;
			sourceTree = "<group>";
		};
		F490A0B41D5B45830060D00F /* Controllers */ = {
			isa = PBXGroup;
			children = (
				F4A65EFC1D5B29EB003660AA /* SingleLineController.swift */,
				F490A0B51D5B45AB0060D00F /* MultipleLinesController.swift */,
			);
			name = Controllers;
			path = ..;
			sourceTree = "<group>";
		};
		F4A65EEE1D5B29EB003660AA = {
			isa = PBXGroup;
			children = (
				F4A65EF91D5B29EB003660AA /* Charts-Playground */,
				716F9B6666BF4CD4C684EDA7 /* Frameworks */,
				EA33FB7DC7DAC87DD8842476 /* Pods */,
				F4A65EF81D5B29EB003660AA /* Products */,
			);
			sourceTree = "<group>";
		};
		F4A65EF81D5B29EB003660AA /* Products */ = {
			isa = PBXGroup;
			children = (
				F4A65EF71D5B29EB003660AA /* Charts-Playground.app */,
			);
			name = Products;
			sourceTree = "<group>";
		};
		F4A65EF91D5B29EB003660AA /* Charts-Playground */ = {
			isa = PBXGroup;
			children = (
				F490A0AE1D5B30D70060D00F /* Dog.swift */,
				F4A65EFA1D5B29EB003660AA /* AppDelegate.swift */,
				F4A65EFE1D5B29EB003660AA /* Main.storyboard */,
				F490A0B41D5B45830060D00F /* Controllers */,
				F4A65F011D5B29EB003660AA /* Assets.xcassets */,
				F4A65F031D5B29EB003660AA /* LaunchScreen.storyboard */,
				F4A65F061D5B29EB003660AA /* Info.plist */,
				F490A0B01D5B37690060D00F /* ChartHelpers.swift */,
				F490A0B21D5B3CD20060D00F /* NumericExtensions.swift */,
			);
			path = "Charts-Playground";
			sourceTree = "<group>";
		};
/* End PBXGroup section */

/* Begin PBXNativeTarget section */
		F4A65EF61D5B29EB003660AA /* Charts-Playground */ = {
			isa = PBXNativeTarget;
			buildConfigurationList = F4A65F091D5B29EB003660AA /* Build configuration list for PBXNativeTarget "Charts-Playground" */;
			buildPhases = (
				D890E47C80F4553C9AD2C99D /* Check Pods Manifest.lock */,
				F4A65EF31D5B29EB003660AA /* Sources */,
				F4A65EF41D5B29EB003660AA /* Frameworks */,
				F4A65EF51D5B29EB003660AA /* Resources */,
				9FFEA113A0A8DFDB7A48CFB6 /* Embed Pods Frameworks */,
				9B8292EAC35F37076677808C /* Copy Pods Resources */,
				F4A602711D5B2FF100B05B0C /* Embed Frameworks */,
			);
			buildRules = (
			);
			dependencies = (
			);
			name = "Charts-Playground";
			productName = "Charts-Playground";
			productReference = F4A65EF71D5B29EB003660AA /* Charts-Playground.app */;
			productType = "com.apple.product-type.application";
		};
/* End PBXNativeTarget section */

/* Begin PBXProject section */
		F4A65EEF1D5B29EB003660AA /* Project object */ = {
			isa = PBXProject;
			attributes = {
				LastSwiftUpdateCheck = 0730;
				LastUpgradeCheck = 0730;
				ORGANIZATIONNAME = "Fredrik Larsson";
				TargetAttributes = {
					F4A65EF61D5B29EB003660AA = {
						CreatedOnToolsVersion = 7.3;
					};
				};
			};
			buildConfigurationList = F4A65EF21D5B29EB003660AA /* Build configuration list for PBXProject "Charts-Playground" */;
			compatibilityVersion = "Xcode 3.2";
			developmentRegion = English;
			hasScannedForEncodings = 0;
			knownRegions = (
				en,
				Base,
			);
			mainGroup = F4A65EEE1D5B29EB003660AA;
			productRefGroup = F4A65EF81D5B29EB003660AA /* Products */;
			projectDirPath = "";
			projectRoot = "";
			targets = (
				F4A65EF61D5B29EB003660AA /* Charts-Playground */,
			);
		};
/* End PBXProject section */

/* Begin PBXResourcesBuildPhase section */
		F4A65EF51D5B29EB003660AA /* Resources */ = {
			isa = PBXResourcesBuildPhase;
			buildActionMask = 2147483647;
			files = (
				F4A65F051D5B29EB003660AA /* LaunchScreen.storyboard in Resources */,
				F4A65F021D5B29EB003660AA /* Assets.xcassets in Resources */,
				F4A65F001D5B29EB003660AA /* Main.storyboard in Resources */,
			);
			runOnlyForDeploymentPostprocessing = 0;
		};
/* End PBXResourcesBuildPhase section */

/* Begin PBXShellScriptBuildPhase section */
		9B8292EAC35F37076677808C /* Copy Pods Resources */ = {
			isa = PBXShellScriptBuildPhase;
			buildActionMask = 2147483647;
			files = (
			);
			inputPaths = (
			);
			name = "Copy Pods Resources";
			outputPaths = (
			);
			runOnlyForDeploymentPostprocessing = 0;
			shellPath = /bin/sh;
			shellScript = "\"${SRCROOT}/Pods/Target Support Files/Pods-Charts-Playground/Pods-Charts-Playground-resources.sh\"\n";
			showEnvVarsInLog = 0;
		};
		9FFEA113A0A8DFDB7A48CFB6 /* Embed Pods Frameworks */ = {
			isa = PBXShellScriptBuildPhase;
			buildActionMask = 2147483647;
			files = (
			);
			inputPaths = (
			);
			name = "Embed Pods Frameworks";
			outputPaths = (
			);
			runOnlyForDeploymentPostprocessing = 0;
			shellPath = /bin/sh;
			shellScript = "\"${SRCROOT}/Pods/Target Support Files/Pods-Charts-Playground/Pods-Charts-Playground-frameworks.sh\"\n";
			showEnvVarsInLog = 0;
		};
		D890E47C80F4553C9AD2C99D /* Check Pods Manifest.lock */ = {
			isa = PBXShellScriptBuildPhase;
			buildActionMask = 2147483647;
			files = (
			);
			inputPaths = (
			);
			name = "Check Pods Manifest.lock";
			outputPaths = (
			);
			runOnlyForDeploymentPostprocessing = 0;
			shellPath = /bin/sh;
			shellScript = "diff \"${PODS_ROOT}/../Podfile.lock\" \"${PODS_ROOT}/Manifest.lock\" > /dev/null\nif [[ $? != 0 ]] ; then\n    cat << EOM\nerror: The sandbox is not in sync with the Podfile.lock. Run 'pod install' or update your CocoaPods installation.\nEOM\n    exit 1\nfi\n";
			showEnvVarsInLog = 0;
		};
/* End PBXShellScriptBuildPhase section */

/* Begin PBXSourcesBuildPhase section */
		F4A65EF31D5B29EB003660AA /* Sources */ = {
			isa = PBXSourcesBuildPhase;
			buildActionMask = 2147483647;
			files = (
				F4A65EFD1D5B29EB003660AA /* SingleLineController.swift in Sources */,
				F490A0B31D5B3CD20060D00F /* NumericExtensions.swift in Sources */,
				F4A65EFB1D5B29EB003660AA /* AppDelegate.swift in Sources */,
				F490A0B61D5B45AB0060D00F /* MultipleLinesController.swift in Sources */,
				F490A0B11D5B37690060D00F /* ChartHelpers.swift in Sources */,
				F490A0AF1D5B30D70060D00F /* Dog.swift in Sources */,
			);
			runOnlyForDeploymentPostprocessing = 0;
		};
/* End PBXSourcesBuildPhase section */

/* Begin PBXVariantGroup section */
		F4A65EFE1D5B29EB003660AA /* Main.storyboard */ = {
			isa = PBXVariantGroup;
			children = (
				F4A65EFF1D5B29EB003660AA /* Base */,
			);
			name = Main.storyboard;
			sourceTree = "<group>";
		};
		F4A65F031D5B29EB003660AA /* LaunchScreen.storyboard */ = {
			isa = PBXVariantGroup;
			children = (
				F4A65F041D5B29EB003660AA /* Base */,
			);
			name = LaunchScreen.storyboard;
			sourceTree = "<group>";
		};
/* End PBXVariantGroup section */

/* Begin XCBuildConfiguration section */
		F4A65F071D5B29EB003660AA /* Debug */ = {
			isa = XCBuildConfiguration;
			buildSettings = {
				ALWAYS_SEARCH_USER_PATHS = NO;
				CLANG_ANALYZER_NONNULL = YES;
				CLANG_CXX_LANGUAGE_STANDARD = "gnu++0x";
				CLANG_CXX_LIBRARY = "libc++";
				CLANG_ENABLE_MODULES = YES;
				CLANG_ENABLE_OBJC_ARC = YES;
				CLANG_WARN_BOOL_CONVERSION = YES;
				CLANG_WARN_CONSTANT_CONVERSION = YES;
				CLANG_WARN_DIRECT_OBJC_ISA_USAGE = YES_ERROR;
				CLANG_WARN_EMPTY_BODY = YES;
				CLANG_WARN_ENUM_CONVERSION = YES;
				CLANG_WARN_INT_CONVERSION = YES;
				CLANG_WARN_OBJC_ROOT_CLASS = YES_ERROR;
				CLANG_WARN_UNREACHABLE_CODE = YES;
				CLANG_WARN__DUPLICATE_METHOD_MATCH = YES;
				"CODE_SIGN_IDENTITY[sdk=iphoneos*]" = "iPhone Developer";
				COPY_PHASE_STRIP = NO;
				DEBUG_INFORMATION_FORMAT = dwarf;
				ENABLE_STRICT_OBJC_MSGSEND = YES;
				ENABLE_TESTABILITY = YES;
				GCC_C_LANGUAGE_STANDARD = gnu99;
				GCC_DYNAMIC_NO_PIC = NO;
				GCC_NO_COMMON_BLOCKS = YES;
				GCC_OPTIMIZATION_LEVEL = 0;
				GCC_PREPROCESSOR_DEFINITIONS = (
					"DEBUG=1",
					"$(inherited)",
				);
				GCC_WARN_64_TO_32_BIT_CONVERSION = YES;
				GCC_WARN_ABOUT_RETURN_TYPE = YES_ERROR;
				GCC_WARN_UNDECLARED_SELECTOR = YES;
				GCC_WARN_UNINITIALIZED_AUTOS = YES_AGGRESSIVE;
				GCC_WARN_UNUSED_FUNCTION = YES;
				GCC_WARN_UNUSED_VARIABLE = YES;
				IPHONEOS_DEPLOYMENT_TARGET = 9.3;
				MTL_ENABLE_DEBUG_INFO = YES;
				ONLY_ACTIVE_ARCH = YES;
				SDKROOT = iphoneos;
				SWIFT_OPTIMIZATION_LEVEL = "-Onone";
				TARGETED_DEVICE_FAMILY = "1,2";
			};
			name = Debug;
		};
		F4A65F081D5B29EB003660AA /* Release */ = {
			isa = XCBuildConfiguration;
			buildSettings = {
				ALWAYS_SEARCH_USER_PATHS = NO;
				CLANG_ANALYZER_NONNULL = YES;
				CLANG_CXX_LANGUAGE_STANDARD = "gnu++0x";
				CLANG_CXX_LIBRARY = "libc++";
				CLANG_ENABLE_MODULES = YES;
				CLANG_ENABLE_OBJC_ARC = YES;
				CLANG_WARN_BOOL_CONVERSION = YES;
				CLANG_WARN_CONSTANT_CONVERSION = YES;
				CLANG_WARN_DIRECT_OBJC_ISA_USAGE = YES_ERROR;
				CLANG_WARN_EMPTY_BODY = YES;
				CLANG_WARN_ENUM_CONVERSION = YES;
				CLANG_WARN_INT_CONVERSION = YES;
				CLANG_WARN_OBJC_ROOT_CLASS = YES_ERROR;
				CLANG_WARN_UNREACHABLE_CODE = YES;
				CLANG_WARN__DUPLICATE_METHOD_MATCH = YES;
				"CODE_SIGN_IDENTITY[sdk=iphoneos*]" = "iPhone Developer";
				COPY_PHASE_STRIP = NO;
				DEBUG_INFORMATION_FORMAT = "dwarf-with-dsym";
				ENABLE_NS_ASSERTIONS = NO;
				ENABLE_STRICT_OBJC_MSGSEND = YES;
				GCC_C_LANGUAGE_STANDARD = gnu99;
				GCC_NO_COMMON_BLOCKS = YES;
				GCC_WARN_64_TO_32_BIT_CONVERSION = YES;
				GCC_WARN_ABOUT_RETURN_TYPE = YES_ERROR;
				GCC_WARN_UNDECLARED_SELECTOR = YES;
				GCC_WARN_UNINITIALIZED_AUTOS = YES_AGGRESSIVE;
				GCC_WARN_UNUSED_FUNCTION = YES;
				GCC_WARN_UNUSED_VARIABLE = YES;
				IPHONEOS_DEPLOYMENT_TARGET = 9.3;
				MTL_ENABLE_DEBUG_INFO = NO;
				SDKROOT = iphoneos;
				TARGETED_DEVICE_FAMILY = "1,2";
				VALIDATE_PRODUCT = YES;
			};
			name = Release;
		};
		F4A65F0A1D5B29EB003660AA /* Debug */ = {
			isa = XCBuildConfiguration;
			baseConfigurationReference = CCCD50DFE1C6011301FBFEB7 /* Pods-Charts-Playground.debug.xcconfig */;
			buildSettings = {
				ASSETCATALOG_COMPILER_APPICON_NAME = AppIcon;
				INFOPLIST_FILE = "Charts-Playground/Info.plist";
				LD_RUNPATH_SEARCH_PATHS = "$(inherited) @executable_path/Frameworks";
				PRODUCT_BUNDLE_IDENTIFIER = "fredriklarsson.Charts-Playground";
				PRODUCT_NAME = "$(TARGET_NAME)";
			};
			name = Debug;
		};
		F4A65F0B1D5B29EB003660AA /* Release */ = {
			isa = XCBuildConfiguration;
			baseConfigurationReference = 995AD9D8A8A43775A0200FA4 /* Pods-Charts-Playground.release.xcconfig */;
			buildSettings = {
				ASSETCATALOG_COMPILER_APPICON_NAME = AppIcon;
				INFOPLIST_FILE = "Charts-Playground/Info.plist";
				LD_RUNPATH_SEARCH_PATHS = "$(inherited) @executable_path/Frameworks";
				PRODUCT_BUNDLE_IDENTIFIER = "fredriklarsson.Charts-Playground";
				PRODUCT_NAME = "$(TARGET_NAME)";
			};
			name = Release;
		};
/* End XCBuildConfiguration section */

/* Begin XCConfigurationList section */
		F4A65EF21D5B29EB003660AA /* Build configuration list for PBXProject "Charts-Playground" */ = {
			isa = XCConfigurationList;
			buildConfigurations = (
				F4A65F071D5B29EB003660AA /* Debug */,
				F4A65F081D5B29EB003660AA /* Release */,
			);
			defaultConfigurationIsVisible = 0;
			defaultConfigurationName = Release;
		};
		F4A65F091D5B29EB003660AA /* Build configuration list for PBXNativeTarget "Charts-Playground" */ = {
			isa = XCConfigurationList;
			buildConfigurations = (
				F4A65F0A1D5B29EB003660AA /* Debug */,
				F4A65F0B1D5B29EB003660AA /* Release */,
			);
			defaultConfigurationIsVisible = 0;
			defaultConfigurationName = Release;
		};
/* End XCConfigurationList section */
	};
	rootObject = F4A65EEF1D5B29EB003660AA /* Project object */;
}
